
Microsoft Visual Studio Solution File, Format Version 12.00
# Visual Studio Version 17
VisualStudioVersion = 17.8.34525.116
MinimumVisualStudioVersion = 10.0.40219.1
Project("{FAE04EC0-301F-11D3-BF4B-00C04F79EFBC}") = "Core", "Core\Core.csproj", "{51A68C75-B405-4804-B1B2-D0654967D16C}"
EndProject
Project("{FAE04EC0-301F-11D3-BF4B-00C04F79EFBC}") = "DataAccess", "DataAccess\DataAccess.csproj", "{A2735438-45AC-4BCF-823B-9CCA33D81C10}"
EndProject
Project("{FAE04EC0-301F-11D3-BF4B-00C04F79EFBC}") = "Business", "Business\Business.csproj", "{3A8194C5-6305-4600-8D37-E800D69B031D}"
EndProject
Project("{FAE04EC0-301F-11D3-BF4B-00C04F79EFBC}") = "Entities", "Entities\Entities.csproj", "{9F36A289-574D-4C2B-804D-2DC1D2410A5E}"
EndProject
Project("{FAE04EC0-301F-11D3-BF4B-00C04F79EFBC}") = "API", "API\API.csproj", "{428BEF0B-3CD6-4B7A-88F8-A5C8621A960C}"
EndProject
Global
	GlobalSection(SolutionConfigurationPlatforms) = preSolution
		Debug|Any CPU = Debug|Any CPU
		Release|Any CPU = Release|Any CPU
	EndGlobalSection
	GlobalSection(ProjectConfigurationPlatforms) = postSolution
		{51A68C75-B405-4804-B1B2-D0654967D16C}.Debug|Any CPU.ActiveCfg = Debug|Any CPU
		{51A68C75-B405-4804-B1B2-D0654967D16C}.Debug|Any CPU.Build.0 = Debug|Any CPU
		{51A68C75-B405-4804-B1B2-D0654967D16C}.Release|Any CPU.ActiveCfg = Release|Any CPU
		{51A68C75-B405-4804-B1B2-D0654967D16C}.Release|Any CPU.Build.0 = Release|Any CPU
		{A2735438-45AC-4BCF-823B-9CCA33D81C10}.Debug|Any CPU.ActiveCfg = Debug|Any CPU
		{A2735438-45AC-4BCF-823B-9CCA33D81C10}.Debug|Any CPU.Build.0 = Debug|Any CPU
		{A2735438-45AC-4BCF-823B-9CCA33D81C10}.Release|Any CPU.ActiveCfg = Release|Any CPU
		{A2735438-45AC-4BCF-823B-9CCA33D81C10}.Release|Any CPU.Build.0 = Release|Any CPU
		{3A8194C5-6305-4600-8D37-E800D69B031D}.Debug|Any CPU.ActiveCfg = Debug|Any CPU
		{3A8194C5-6305-4600-8D37-E800D69B031D}.Debug|Any CPU.Build.0 = Debug|Any CPU
		{3A8194C5-6305-4600-8D37-E800D69B031D}.Release|Any CPU.ActiveCfg = Release|Any CPU
		{3A8194C5-6305-4600-8D37-E800D69B031D}.Release|Any CPU.Build.0 = Release|Any CPU
		{9F36A289-574D-4C2B-804D-2DC1D2410A5E}.Debug|Any CPU.ActiveCfg = Debug|Any CPU
		{9F36A289-574D-4C2B-804D-2DC1D2410A5E}.Debug|Any CPU.Build.0 = Debug|Any CPU
		{9F36A289-574D-4C2B-804D-2DC1D2410A5E}.Release|Any CPU.ActiveCfg = Release|Any CPU
		{9F36A289-574D-4C2B-804D-2DC1D2410A5E}.Release|Any CPU.Build.0 = Release|Any CPU
		{428BEF0B-3CD6-4B7A-88F8-A5C8621A960C}.Debug|Any CPU.ActiveCfg = Debug|Any CPU
		{428BEF0B-3CD6-4B7A-88F8-A5C8621A960C}.Debug|Any CPU.Build.0 = Debug|Any CPU
		{428BEF0B-3CD6-4B7A-88F8-A5C8621A960C}.Release|Any CPU.ActiveCfg = Release|Any CPU
		{428BEF0B-3CD6-4B7A-88F8-A5C8621A960C}.Release|Any CPU.Build.0 = Release|Any CPU
	EndGlobalSection
	GlobalSection(SolutionProperties) = preSolution
		HideSolutionNode = FALSE
	EndGlobalSection
	GlobalSection(ExtensibilityGlobals) = postSolution
		SolutionGuid = {28219D8C-CBAA-4806-B73F-22975C2C844F}
	EndGlobalSection
EndGlobal
